
Microsoft Visual Studio Solution File, Format Version 12.00
# Visual Studio 2012
Project("{FAE04EC0-301F-11D3-BF4B-00C04F79EFBC}") = "Boku.Web", "Boku.Web\Boku.Web.csproj", "{16852C38-B32A-4EF5-9BC1-D57F0B335DB9}"
EndProject
Project("{FAE04EC0-301F-11D3-BF4B-00C04F79EFBC}") = "Boku.Web.Tests", "Boku.Web.Tests\Boku.Web.Tests.csproj", "{05C53AAC-FC66-4887-900A-AF6769C884FF}"
EndProject
Global
	GlobalSection(SolutionConfigurationPlatforms) = preSolution
		Debug|Any CPU = Debug|Any CPU
		Release|Any CPU = Release|Any CPU
	EndGlobalSection
	GlobalSection(ProjectConfigurationPlatforms) = postSolution
		{05C53AAC-FC66-4887-900A-AF6769C884FF}.Debug|Any CPU.ActiveCfg = Debug|Any CPU
		{05C53AAC-FC66-4887-900A-AF6769C884FF}.Debug|Any CPU.Build.0 = Debug|Any CPU
		{05C53AAC-FC66-4887-900A-AF6769C884FF}.Release|Any CPU.ActiveCfg = Release|Any CPU
		{05C53AAC-FC66-4887-900A-AF6769C884FF}.Release|Any CPU.Build.0 = Release|Any CPU
		{16852C38-B32A-4EF5-9BC1-D57F0B335DB9}.Debug|Any CPU.ActiveCfg = Debug|Any CPU
		{16852C38-B32A-4EF5-9BC1-D57F0B335DB9}.Debug|Any CPU.Build.0 = Debug|Any CPU
		{16852C38-B32A-4EF5-9BC1-D57F0B335DB9}.Release|Any CPU.ActiveCfg = Release|Any CPU
		{16852C38-B32A-4EF5-9BC1-D57F0B335DB9}.Release|Any CPU.Build.0 = Release|Any CPU
	EndGlobalSection
	GlobalSection(SolutionProperties) = preSolution
		HideSolutionNode = FALSE
	EndGlobalSection
EndGlobal
